
Microsoft Visual Studio Solution File, Format Version 12.00
# Visual Studio Version 17
VisualStudioVersion = 17.5.002.0
MinimumVisualStudioVersion = 10.0.40219.1
Project("{9A19103F-16F7-4668-BE54-9A1E7A4F7556}") = "AuthorizationPOCApi", "AuthorizationPOCApi\AuthorizationPOCApi.csproj", "{8108A530-2C77-4051-98A9-A20EB5F82F16}"
EndProject
Global
	GlobalSection(SolutionConfigurationPlatforms) = preSolution
		Debug|Any CPU = Debug|Any CPU
		Release|Any CPU = Release|Any CPU
	EndGlobalSection
	GlobalSection(ProjectConfigurationPlatforms) = postSolution
		{8108A530-2C77-4051-98A9-A20EB5F82F16}.Debug|Any CPU.ActiveCfg = Debug|Any CPU
		{8108A530-2C77-4051-98A9-A20EB5F82F16}.Debug|Any CPU.Build.0 = Debug|Any CPU
		{8108A530-2C77-4051-98A9-A20EB5F82F16}.Release|Any CPU.ActiveCfg = Release|Any CPU
		{8108A530-2C77-4051-98A9-A20EB5F82F16}.Release|Any CPU.Build.0 = Release|Any CPU
	EndGlobalSection
	GlobalSection(SolutionProperties) = preSolution
		HideSolutionNode = FALSE
	EndGlobalSection
	GlobalSection(ExtensibilityGlobals) = postSolution
		SolutionGuid = {7B63B358-803F-4891-8377-079B34F7CCEF}
	EndGlobalSection
EndGlobal
